{
  "name": "week",
  "version": "1.0.0",
  "lockfileVersion": 3,
  "requires": true,
  "packages": {
    "": {
      "name": "week",
      "version": "1.0.0",
      "license": "ISC",
      "dependencies": {
        "@fullstackfamily/manseryeok": "^1.0.4"
      }
    },
    "node_modules/@fullstackfamily/manseryeok": {
      "version": "1.0.4",
      "resolved": "https://registry.npmjs.org/@fullstackfamily/manseryeok/-/manseryeok-1.0.4.tgz",
      "integrity": "sha512-HjMm5ZZrViNBHGNVly77lvQtbFyntXczef/DEPjP2MaOv4d5Oo9Tq/YX99mjyQY4h0QzH/HJS/tlpmNriE/K4w==",
      "license": "MIT",
      "engines": {
        "node": ">=16.0.0"
      }
    }
  }
}
